
Microsoft Visual Studio Solution File, Format Version 12.00
# Visual Studio 15
VisualStudioVersion = 15.0.28307.572
MinimumVisualStudioVersion = 10.0.40219.1
Project("{FAE04EC0-301F-11D3-BF4B-00C04F79EFBC}") = "ConsoleApp42", "ConsoleApp42\ConsoleApp42.csproj", "{06BA6294-DBCC-4DF9-8C5D-AE7E073BDBA5}"
EndProject
Global
	GlobalSection(SolutionConfigurationPlatforms) = preSolution
		Debug|Any CPU = Debug|Any CPU
		Release|Any CPU = Release|Any CPU
	EndGlobalSection
	GlobalSection(ProjectConfigurationPlatforms) = postSolution
		{06BA6294-DBCC-4DF9-8C5D-AE7E073BDBA5}.Debug|Any CPU.ActiveCfg = Debug|Any CPU
		{06BA6294-DBCC-4DF9-8C5D-AE7E073BDBA5}.Debug|Any CPU.Build.0 = Debug|Any CPU
		{06BA6294-DBCC-4DF9-8C5D-AE7E073BDBA5}.Release|Any CPU.ActiveCfg = Release|Any CPU
		{06BA6294-DBCC-4DF9-8C5D-AE7E073BDBA5}.Release|Any CPU.Build.0 = Release|Any CPU
	EndGlobalSection
	GlobalSection(SolutionProperties) = preSolution
		HideSolutionNode = FALSE
	EndGlobalSection
	GlobalSection(ExtensibilityGlobals) = postSolution
		SolutionGuid = {809E379E-5643-425B-8EB3-63F55D598E91}
	EndGlobalSection
EndGlobal
